{
  "name": "remittance-api",
  "version": "1.0.0",
  "lockfileVersion": 3,
  "requires": true,
  "packages": {
    "": {
      "name": "remittance-api",
      "version": "1.0.0",
      "license": "ISC",
      "dependencies": {
        "dotenv": "^16.0.3",
        "mastercard-oauth1-signer": "^1.1.6"
      }
    },
    "node_modules/dotenv": {
      "version": "16.0.3",
      "resolved": "https://registry.npmjs.org/dotenv/-/dotenv-16.0.3.tgz",
      "integrity": "sha512-7GO6HghkA5fYG9TYnNxi14/7K9f5occMlp3zXAuSxn7CKCxt9xbNWG7yF8hTCSUchlfWSe3uLmlPfigevRItzQ==",
      "engines": {
        "node": ">=12"
      }
    },
    "node_modules/mastercard-oauth1-signer": {
      "version": "1.1.6",
      "resolved": "https://registry.npmjs.org/mastercard-oauth1-signer/-/mastercard-oauth1-signer-1.1.6.tgz",
      "integrity": "sha512-sDYNMz+qld0OVFUp0lw1VWEMPjni1D+hxx7D7B8nv3eKGF9XdEkZwATqeb8YP7H0iMmw59+OKfv0Q3Jj6tqyAw=="
    }
  }
}
